// !$*UTF8*$!
{
	archiveVersion = 1;
	classes = {
	};
	objectVersion = 46;
	objects = {

/* Begin PBXBuildFile section */
		9EE3568B6DB608C8BF98FE80 /* Pods_AudiobookClub.framework in Frameworks */ = {isa = PBXBuildFile; fileRef = 1E1445D1B8840E29E5F794B8 /* Pods_AudiobookClub.framework */; };
		F125568B1EB8DD8A00B24DDD /* AppDelegate.swift in Sources */ = {isa = PBXBuildFile; fileRef = F125568A1EB8DD8A00B24DDD /* AppDelegate.swift */; };
		F125568E1EB8DD8B00B24DDD /* AudiobookClub.xcdatamodeld in Sources */ = {isa = PBXBuildFile; fileRef = F125568C1EB8DD8B00B24DDD /* AudiobookClub.xcdatamodeld */; };
		F12556951EB8DD8B00B24DDD /* Main.storyboard in Resources */ = {isa = PBXBuildFile; fileRef = F12556931EB8DD8B00B24DDD /* Main.storyboard */; };
		F12556971EB8DD8B00B24DDD /* Assets.xcassets in Resources */ = {isa = PBXBuildFile; fileRef = F12556961EB8DD8B00B24DDD /* Assets.xcassets */; };
		F125569A1EB8DD8B00B24DDD /* LaunchScreen.storyboard in Resources */ = {isa = PBXBuildFile; fileRef = F12556981EB8DD8B00B24DDD /* LaunchScreen.storyboard */; };
		F12804F91EDEF74A003D7553 /* AudiobookTableViewCell.swift in Sources */ = {isa = PBXBuildFile; fileRef = F12804F61EDEF74A003D7553 /* AudiobookTableViewCell.swift */; };
		F12804FA1EDEF74A003D7553 /* AudiobookTableViewController.swift in Sources */ = {isa = PBXBuildFile; fileRef = F12804F71EDEF74A003D7553 /* AudiobookTableViewController.swift */; };
		F12804FB1EDEF74A003D7553 /* AudiobookViewController.swift in Sources */ = {isa = PBXBuildFile; fileRef = F12804F81EDEF74A003D7553 /* AudiobookViewController.swift */; };
		F12804FD1EDEF7F9003D7553 /* Audiobook.swift in Sources */ = {isa = PBXBuildFile; fileRef = F12804FC1EDEF7F9003D7553 /* Audiobook.swift */; };
		F133DC771EE97AF5008FD255 /* UIButton.swift in Sources */ = {isa = PBXBuildFile; fileRef = F133DC761EE97AF5008FD255 /* UIButton.swift */; };
		F133DC791EEACBE1008FD255 /* Chapter.swift in Sources */ = {isa = PBXBuildFile; fileRef = F133DC781EEACBE1008FD255 /* Chapter.swift */; };
		F19AB5BF1EE6D2670084D2CF /* Runtime.swift in Sources */ = {isa = PBXBuildFile; fileRef = F19AB5BE1EE6D2670084D2CF /* Runtime.swift */; };
		F19AB5C11EE6D52D0084D2CF /* RuntimeTests.swift in Sources */ = {isa = PBXBuildFile; fileRef = F19AB5C01EE6D52D0084D2CF /* RuntimeTests.swift */; };
		F1DA729E1EE712FD00DB7689 /* UIView.swift in Sources */ = {isa = PBXBuildFile; fileRef = F1DA729D1EE712FD00DB7689 /* UIView.swift */; };
/* End PBXBuildFile section */

/* Begin PBXContainerItemProxy section */
		F12556A11EB8DD8B00B24DDD /* PBXContainerItemProxy */ = {
			isa = PBXContainerItemProxy;
			containerPortal = F125567F1EB8DD8A00B24DDD /* Project object */;
			proxyType = 1;
			remoteGlobalIDString = F12556861EB8DD8A00B24DDD;
			remoteInfo = AudiobookClub;
		};
/* End PBXContainerItemProxy section */

/* Begin PBXFileReference section */
		1E1445D1B8840E29E5F794B8 /* Pods_AudiobookClub.framework */ = {isa = PBXFileReference; explicitFileType = wrapper.framework; includeInIndex = 0; path = Pods_AudiobookClub.framework; sourceTree = BUILT_PRODUCTS_DIR; };
		3C68019CA3B3F43F67D59BB9 /* Pods-AudiobookClub.debug.xcconfig */ = {isa = PBXFileReference; includeInIndex = 1; lastKnownFileType = text.xcconfig; name = "Pods-AudiobookClub.debug.xcconfig"; path = "Pods/Target Support Files/Pods-AudiobookClub/Pods-AudiobookClub.debug.xcconfig"; sourceTree = "<group>"; };
		5D46227C18E5428D3A773130 /* Pods_AudiobookClubTests.framework */ = {isa = PBXFileReference; explicitFileType = wrapper.framework; includeInIndex = 0; path = Pods_AudiobookClubTests.framework; sourceTree = BUILT_PRODUCTS_DIR; };
		9B9BC7F5D5FB9F8CBBE36269 /* Pods-AudiobookClub.release.xcconfig */ = {isa = PBXFileReference; includeInIndex = 1; lastKnownFileType = text.xcconfig; name = "Pods-AudiobookClub.release.xcconfig"; path = "Pods/Target Support Files/Pods-AudiobookClub/Pods-AudiobookClub.release.xcconfig"; sourceTree = "<group>"; };
		F12556871EB8DD8A00B24DDD /* AudiobookClub.app */ = {isa = PBXFileReference; explicitFileType = wrapper.application; includeInIndex = 0; path = AudiobookClub.app; sourceTree = BUILT_PRODUCTS_DIR; };
		F125568A1EB8DD8A00B24DDD /* AppDelegate.swift */ = {isa = PBXFileReference; lastKnownFileType = sourcecode.swift; path = AppDelegate.swift; sourceTree = "<group>"; };
		F125568D1EB8DD8B00B24DDD /* AudiobookClub.xcdatamodel */ = {isa = PBXFileReference; lastKnownFileType = wrapper.xcdatamodel; path = AudiobookClub.xcdatamodel; sourceTree = "<group>"; };
		F12556941EB8DD8B00B24DDD /* Base */ = {isa = PBXFileReference; lastKnownFileType = file.storyboard; name = Base; path = Base.lproj/Main.storyboard; sourceTree = "<group>"; };
		F12556961EB8DD8B00B24DDD /* Assets.xcassets */ = {isa = PBXFileReference; lastKnownFileType = folder.assetcatalog; path = Assets.xcassets; sourceTree = "<group>"; };
		F12556991EB8DD8B00B24DDD /* Base */ = {isa = PBXFileReference; lastKnownFileType = file.storyboard; name = Base; path = Base.lproj/LaunchScreen.storyboard; sourceTree = "<group>"; };
		F125569B1EB8DD8B00B24DDD /* Info.plist */ = {isa = PBXFileReference; lastKnownFileType = text.plist.xml; path = Info.plist; sourceTree = "<group>"; };
		F12556A01EB8DD8B00B24DDD /* AudiobookClubTests.xctest */ = {isa = PBXFileReference; explicitFileType = wrapper.cfbundle; includeInIndex = 0; path = AudiobookClubTests.xctest; sourceTree = BUILT_PRODUCTS_DIR; };
		F12556A61EB8DD8B00B24DDD /* Info.plist */ = {isa = PBXFileReference; lastKnownFileType = text.plist.xml; path = Info.plist; sourceTree = "<group>"; };
		F12804F61EDEF74A003D7553 /* AudiobookTableViewCell.swift */ = {isa = PBXFileReference; fileEncoding = 4; lastKnownFileType = sourcecode.swift; path = AudiobookTableViewCell.swift; sourceTree = "<group>"; };
		F12804F71EDEF74A003D7553 /* AudiobookTableViewController.swift */ = {isa = PBXFileReference; fileEncoding = 4; lastKnownFileType = sourcecode.swift; path = AudiobookTableViewController.swift; sourceTree = "<group>"; };
		F12804F81EDEF74A003D7553 /* AudiobookViewController.swift */ = {isa = PBXFileReference; fileEncoding = 4; lastKnownFileType = sourcecode.swift; path = AudiobookViewController.swift; sourceTree = "<group>"; };
		F12804FC1EDEF7F9003D7553 /* Audiobook.swift */ = {isa = PBXFileReference; fileEncoding = 4; lastKnownFileType = sourcecode.swift; path = Audiobook.swift; sourceTree = "<group>"; };
		F133DC761EE97AF5008FD255 /* UIButton.swift */ = {isa = PBXFileReference; fileEncoding = 4; lastKnownFileType = sourcecode.swift; path = UIButton.swift; sourceTree = "<group>"; };
		F133DC781EEACBE1008FD255 /* Chapter.swift */ = {isa = PBXFileReference; fileEncoding = 4; lastKnownFileType = sourcecode.swift; path = Chapter.swift; sourceTree = "<group>"; };
		F19AB5BE1EE6D2670084D2CF /* Runtime.swift */ = {isa = PBXFileReference; fileEncoding = 4; lastKnownFileType = sourcecode.swift; path = Runtime.swift; sourceTree = "<group>"; };
		F19AB5C01EE6D52D0084D2CF /* RuntimeTests.swift */ = {isa = PBXFileReference; fileEncoding = 4; lastKnownFileType = sourcecode.swift; path = RuntimeTests.swift; sourceTree = "<group>"; };
		F1DA729D1EE712FD00DB7689 /* UIView.swift */ = {isa = PBXFileReference; fileEncoding = 4; lastKnownFileType = sourcecode.swift; name = UIView.swift; path = View/UIView.swift; sourceTree = "<group>"; };
/* End PBXFileReference section */

/* Begin PBXFrameworksBuildPhase section */
		F12556841EB8DD8A00B24DDD /* Frameworks */ = {
			isa = PBXFrameworksBuildPhase;
			buildActionMask = 2147483647;
			files = (
				9EE3568B6DB608C8BF98FE80 /* Pods_AudiobookClub.framework in Frameworks */,
			);
			runOnlyForDeploymentPostprocessing = 0;
		};
		F125569D1EB8DD8B00B24DDD /* Frameworks */ = {
			isa = PBXFrameworksBuildPhase;
			buildActionMask = 2147483647;
			files = (
			);
			runOnlyForDeploymentPostprocessing = 0;
		};
/* End PBXFrameworksBuildPhase section */

/* Begin PBXGroup section */
		6E47B16304C2C5026A6D93BA /* Frameworks */ = {
			isa = PBXGroup;
			children = (
				1E1445D1B8840E29E5F794B8 /* Pods_AudiobookClub.framework */,
				5D46227C18E5428D3A773130 /* Pods_AudiobookClubTests.framework */,
			);
			name = Frameworks;
			sourceTree = "<group>";
		};
		E0F2D178C40F466132400D25 /* Pods */ = {
			isa = PBXGroup;
			children = (
				3C68019CA3B3F43F67D59BB9 /* Pods-AudiobookClub.debug.xcconfig */,
				9B9BC7F5D5FB9F8CBBE36269 /* Pods-AudiobookClub.release.xcconfig */,
			);
			name = Pods;
			sourceTree = "<group>";
		};
		F125567E1EB8DD8A00B24DDD = {
			isa = PBXGroup;
			children = (
				F12556891EB8DD8A00B24DDD /* AudiobookClub */,
				F12556A31EB8DD8B00B24DDD /* AudiobookClubTests */,
				F12556881EB8DD8A00B24DDD /* Products */,
				E0F2D178C40F466132400D25 /* Pods */,
				6E47B16304C2C5026A6D93BA /* Frameworks */,
			);
			sourceTree = "<group>";
		};
		F12556881EB8DD8A00B24DDD /* Products */ = {
			isa = PBXGroup;
			children = (
				F12556871EB8DD8A00B24DDD /* AudiobookClub.app */,
				F12556A01EB8DD8B00B24DDD /* AudiobookClubTests.xctest */,
			);
			name = Products;
			sourceTree = "<group>";
		};
		F12556891EB8DD8A00B24DDD /* AudiobookClub */ = {
			isa = PBXGroup;
			children = (
				F125568A1EB8DD8A00B24DDD /* AppDelegate.swift */,
				F12804F21EDEF728003D7553 /* Model */,
				F1DA729F1EE7130300DB7689 /* View */,
				F12804F51EDEF74A003D7553 /* Controller */,
				F12556931EB8DD8B00B24DDD /* Main.storyboard */,
				F12556961EB8DD8B00B24DDD /* Assets.xcassets */,
				F12556981EB8DD8B00B24DDD /* LaunchScreen.storyboard */,
				F125569B1EB8DD8B00B24DDD /* Info.plist */,
				F125568C1EB8DD8B00B24DDD /* AudiobookClub.xcdatamodeld */,
			);
			path = AudiobookClub;
			sourceTree = "<group>";
		};
		F12556A31EB8DD8B00B24DDD /* AudiobookClubTests */ = {
			isa = PBXGroup;
			children = (
				F12556A61EB8DD8B00B24DDD /* Info.plist */,
				F12804EF1EDEF4E2003D7553 /* Model */,
			);
			path = AudiobookClubTests;
			sourceTree = "<group>";
		};
		F12804EF1EDEF4E2003D7553 /* Model */ = {
			isa = PBXGroup;
			children = (
				F19AB5C01EE6D52D0084D2CF /* RuntimeTests.swift */,
			);
			name = Model;
			sourceTree = "<group>";
		};
		F12804F21EDEF728003D7553 /* Model */ = {
			isa = PBXGroup;
			children = (
				F12804FC1EDEF7F9003D7553 /* Audiobook.swift */,
				F19AB5BE1EE6D2670084D2CF /* Runtime.swift */,
				F133DC781EEACBE1008FD255 /* Chapter.swift */,
			);
			path = Model;
			sourceTree = "<group>";
		};
		F12804F51EDEF74A003D7553 /* Controller */ = {
			isa = PBXGroup;
			children = (
				F12804F61EDEF74A003D7553 /* AudiobookTableViewCell.swift */,
				F12804F71EDEF74A003D7553 /* AudiobookTableViewController.swift */,
				F12804F81EDEF74A003D7553 /* AudiobookViewController.swift */,
			);
			path = Controller;
			sourceTree = "<group>";
		};
		F1DA729F1EE7130300DB7689 /* View */ = {
			isa = PBXGroup;
			children = (
				F1DA729D1EE712FD00DB7689 /* UIView.swift */,
				F133DC761EE97AF5008FD255 /* UIButton.swift */,
			);
			name = View;
			sourceTree = "<group>";
		};
/* End PBXGroup section */

/* Begin PBXNativeTarget section */
		F12556861EB8DD8A00B24DDD /* AudiobookClub */ = {
			isa = PBXNativeTarget;
			buildConfigurationList = F12556B41EB8DD8B00B24DDD /* Build configuration list for PBXNativeTarget "AudiobookClub" */;
			buildPhases = (
				71739D0495A408ADD7029677 /* [CP] Check Pods Manifest.lock */,
				F12556831EB8DD8A00B24DDD /* Sources */,
				F12556841EB8DD8A00B24DDD /* Frameworks */,
				F12556851EB8DD8A00B24DDD /* Resources */,
				AB7671C680F328872AD07C42 /* [CP] Embed Pods Frameworks */,
				A0BA2B7AA49BF17DBB2AFB70 /* [CP] Copy Pods Resources */,
			);
			buildRules = (
			);
			dependencies = (
			);
			name = AudiobookClub;
			productName = AudiobookClub;
			productReference = F12556871EB8DD8A00B24DDD /* AudiobookClub.app */;
			productType = "com.apple.product-type.application";
		};
		F125569F1EB8DD8B00B24DDD /* AudiobookClubTests */ = {
			isa = PBXNativeTarget;
			buildConfigurationList = F12556B71EB8DD8B00B24DDD /* Build configuration list for PBXNativeTarget "AudiobookClubTests" */;
			buildPhases = (
				F125569C1EB8DD8B00B24DDD /* Sources */,
				F125569D1EB8DD8B00B24DDD /* Frameworks */,
				F125569E1EB8DD8B00B24DDD /* Resources */,
			);
			buildRules = (
			);
			dependencies = (
				F12556A21EB8DD8B00B24DDD /* PBXTargetDependency */,
			);
			name = AudiobookClubTests;
			productName = AudiobookClubTests;
			productReference = F12556A01EB8DD8B00B24DDD /* AudiobookClubTests.xctest */;
			productType = "com.apple.product-type.bundle.unit-test";
		};
/* End PBXNativeTarget section */

/* Begin PBXProject section */
		F125567F1EB8DD8A00B24DDD /* Project object */ = {
			isa = PBXProject;
			attributes = {
				LastSwiftUpdateCheck = 0830;
				LastUpgradeCheck = 0830;
				ORGANIZATIONNAME = "Courtney Pattison";
				TargetAttributes = {
					F12556861EB8DD8A00B24DDD = {
						CreatedOnToolsVersion = 8.3.2;
						DevelopmentTeam = EUN6KYWRQF;
						ProvisioningStyle = Automatic;
					};
					F125569F1EB8DD8B00B24DDD = {
						CreatedOnToolsVersion = 8.3.2;
						ProvisioningStyle = Automatic;
						TestTargetID = F12556861EB8DD8A00B24DDD;
					};
				};
			};
			buildConfigurationList = F12556821EB8DD8A00B24DDD /* Build configuration list for PBXProject "AudiobookClub" */;
			compatibilityVersion = "Xcode 3.2";
			developmentRegion = English;
			hasScannedForEncodings = 0;
			knownRegions = (
				en,
				Base,
			);
			mainGroup = F125567E1EB8DD8A00B24DDD;
			productRefGroup = F12556881EB8DD8A00B24DDD /* Products */;
			projectDirPath = "";
			projectRoot = "";
			targets = (
				F12556861EB8DD8A00B24DDD /* AudiobookClub */,
				F125569F1EB8DD8B00B24DDD /* AudiobookClubTests */,
			);
		};
/* End PBXProject section */

/* Begin PBXResourcesBuildPhase section */
		F12556851EB8DD8A00B24DDD /* Resources */ = {
			isa = PBXResourcesBuildPhase;
			buildActionMask = 2147483647;
			files = (
				F125569A1EB8DD8B00B24DDD /* LaunchScreen.storyboard in Resources */,
				F12556971EB8DD8B00B24DDD /* Assets.xcassets in Resources */,
				F12556951EB8DD8B00B24DDD /* Main.storyboard in Resources */,
			);
			runOnlyForDeploymentPostprocessing = 0;
		};
		F125569E1EB8DD8B00B24DDD /* Resources */ = {
			isa = PBXResourcesBuildPhase;
			buildActionMask = 2147483647;
			files = (
			);
			runOnlyForDeploymentPostprocessing = 0;
		};
/* End PBXResourcesBuildPhase section */

/* Begin PBXShellScriptBuildPhase section */
		71739D0495A408ADD7029677 /* [CP] Check Pods Manifest.lock */ = {
			isa = PBXShellScriptBuildPhase;
			buildActionMask = 2147483647;
			files = (
			);
			inputPaths = (
			);
			name = "[CP] Check Pods Manifest.lock";
			outputPaths = (
			);
			runOnlyForDeploymentPostprocessing = 0;
			shellPath = /bin/sh;
			shellScript = "diff \"${PODS_PODFILE_DIR_PATH}/Podfile.lock\" \"${PODS_ROOT}/Manifest.lock\" > /dev/null\nif [ $? != 0 ] ; then\n    # print error to STDERR\n    echo \"error: The sandbox is not in sync with the Podfile.lock. Run 'pod install' or update your CocoaPods installation.\" >&2\n    exit 1\nfi\n";
			showEnvVarsInLog = 0;
		};
		A0BA2B7AA49BF17DBB2AFB70 /* [CP] Copy Pods Resources */ = {
			isa = PBXShellScriptBuildPhase;
			buildActionMask = 2147483647;
			files = (
			);
			inputPaths = (
			);
			name = "[CP] Copy Pods Resources";
			outputPaths = (
			);
			runOnlyForDeploymentPostprocessing = 0;
			shellPath = /bin/sh;
			shellScript = "\"${SRCROOT}/Pods/Target Support Files/Pods-AudiobookClub/Pods-AudiobookClub-resources.sh\"\n";
			showEnvVarsInLog = 0;
		};
		AB7671C680F328872AD07C42 /* [CP] Embed Pods Frameworks */ = {
			isa = PBXShellScriptBuildPhase;
			buildActionMask = 2147483647;
			files = (
			);
			inputPaths = (
			);
			name = "[CP] Embed Pods Frameworks";
			outputPaths = (
			);
			runOnlyForDeploymentPostprocessing = 0;
			shellPath = /bin/sh;
			shellScript = "\"${SRCROOT}/Pods/Target Support Files/Pods-AudiobookClub/Pods-AudiobookClub-frameworks.sh\"\n";
			showEnvVarsInLog = 0;
		};
/* End PBXShellScriptBuildPhase section */

/* Begin PBXSourcesBuildPhase section */
		F12556831EB8DD8A00B24DDD /* Sources */ = {
			isa = PBXSourcesBuildPhase;
			buildActionMask = 2147483647;
			files = (
				F1DA729E1EE712FD00DB7689 /* UIView.swift in Sources */,
				F133DC791EEACBE1008FD255 /* Chapter.swift in Sources */,
				F12804FB1EDEF74A003D7553 /* AudiobookViewController.swift in Sources */,
				F12804F91EDEF74A003D7553 /* AudiobookTableViewCell.swift in Sources */,
				F19AB5BF1EE6D2670084D2CF /* Runtime.swift in Sources */,
				F125568B1EB8DD8A00B24DDD /* AppDelegate.swift in Sources */,
				F12804FD1EDEF7F9003D7553 /* Audiobook.swift in Sources */,
				F125568E1EB8DD8B00B24DDD /* AudiobookClub.xcdatamodeld in Sources */,
				F12804FA1EDEF74A003D7553 /* AudiobookTableViewController.swift in Sources */,
				F133DC771EE97AF5008FD255 /* UIButton.swift in Sources */,
			);
			runOnlyForDeploymentPostprocessing = 0;
		};
		F125569C1EB8DD8B00B24DDD /* Sources */ = {
			isa = PBXSourcesBuildPhase;
			buildActionMask = 2147483647;
			files = (
				F19AB5C11EE6D52D0084D2CF /* RuntimeTests.swift in Sources */,
			);
			runOnlyForDeploymentPostprocessing = 0;
		};
/* End PBXSourcesBuildPhase section */

/* Begin PBXTargetDependency section */
		F12556A21EB8DD8B00B24DDD /* PBXTargetDependency */ = {
			isa = PBXTargetDependency;
			target = F12556861EB8DD8A00B24DDD /* AudiobookClub */;
			targetProxy = F12556A11EB8DD8B00B24DDD /* PBXContainerItemProxy */;
		};
/* End PBXTargetDependency section */

/* Begin PBXVariantGroup section */
		F12556931EB8DD8B00B24DDD /* Main.storyboard */ = {
			isa = PBXVariantGroup;
			children = (
				F12556941EB8DD8B00B24DDD /* Base */,
			);
			name = Main.storyboard;
			sourceTree = "<group>";
		};
		F12556981EB8DD8B00B24DDD /* LaunchScreen.storyboard */ = {
			isa = PBXVariantGroup;
			children = (
				F12556991EB8DD8B00B24DDD /* Base */,
			);
			name = LaunchScreen.storyboard;
			sourceTree = "<group>";
		};
/* End PBXVariantGroup section */

/* Begin XCBuildConfiguration section */
		F12556B21EB8DD8B00B24DDD /* Debug */ = {
			isa = XCBuildConfiguration;
			buildSettings = {
				ALWAYS_SEARCH_USER_PATHS = NO;
				CLANG_ANALYZER_NONNULL = YES;
				CLANG_ANALYZER_NUMBER_OBJECT_CONVERSION = YES_AGGRESSIVE;
				CLANG_CXX_LANGUAGE_STANDARD = "gnu++0x";
				CLANG_CXX_LIBRARY = "libc++";
				CLANG_ENABLE_MODULES = YES;
				CLANG_ENABLE_OBJC_ARC = YES;
				CLANG_WARN_BOOL_CONVERSION = YES;
				CLANG_WARN_CONSTANT_CONVERSION = YES;
				CLANG_WARN_DIRECT_OBJC_ISA_USAGE = YES_ERROR;
				CLANG_WARN_DOCUMENTATION_COMMENTS = YES;
				CLANG_WARN_EMPTY_BODY = YES;
				CLANG_WARN_ENUM_CONVERSION = YES;
				CLANG_WARN_INFINITE_RECURSION = YES;
				CLANG_WARN_INT_CONVERSION = YES;
				CLANG_WARN_OBJC_ROOT_CLASS = YES_ERROR;
				CLANG_WARN_SUSPICIOUS_MOVE = YES;
				CLANG_WARN_UNREACHABLE_CODE = YES;
				CLANG_WARN__DUPLICATE_METHOD_MATCH = YES;
				CODE_SIGN_IDENTITY = "iPhone Developer";
				"CODE_SIGN_IDENTITY[sdk=iphoneos*]" = "iPhone Developer";
				COPY_PHASE_STRIP = NO;
				DEBUG_INFORMATION_FORMAT = dwarf;
				ENABLE_STRICT_OBJC_MSGSEND = YES;
				ENABLE_TESTABILITY = YES;
				GCC_C_LANGUAGE_STANDARD = gnu99;
				GCC_DYNAMIC_NO_PIC = NO;
				GCC_NO_COMMON_BLOCKS = YES;
				GCC_OPTIMIZATION_LEVEL = 0;
				GCC_PREPROCESSOR_DEFINITIONS = (
					"DEBUG=1",
					"$(inherited)",
				);
				GCC_WARN_64_TO_32_BIT_CONVERSION = YES;
				GCC_WARN_ABOUT_RETURN_TYPE = YES_ERROR;
				GCC_WARN_UNDECLARED_SELECTOR = YES;
				GCC_WARN_UNINITIALIZED_AUTOS = YES_AGGRESSIVE;
				GCC_WARN_UNUSED_FUNCTION = YES;
				GCC_WARN_UNUSED_VARIABLE = YES;
				IPHONEOS_DEPLOYMENT_TARGET = 10.3;
				MTL_ENABLE_DEBUG_INFO = YES;
				ONLY_ACTIVE_ARCH = YES;
				SDKROOT = iphoneos;
				SWIFT_ACTIVE_COMPILATION_CONDITIONS = DEBUG;
				SWIFT_OPTIMIZATION_LEVEL = "-Onone";
				TARGETED_DEVICE_FAMILY = "1,2";
			};
			name = Debug;
		};
		F12556B31EB8DD8B00B24DDD /* Release */ = {
			isa = XCBuildConfiguration;
			buildSettings = {
				ALWAYS_SEARCH_USER_PATHS = NO;
				CLANG_ANALYZER_NONNULL = YES;
				CLANG_ANALYZER_NUMBER_OBJECT_CONVERSION = YES_AGGRESSIVE;
				CLANG_CXX_LANGUAGE_STANDARD = "gnu++0x";
				CLANG_CXX_LIBRARY = "libc++";
				CLANG_ENABLE_MODULES = YES;
				CLANG_ENABLE_OBJC_ARC = YES;
				CLANG_WARN_BOOL_CONVERSION = YES;
				CLANG_WARN_CONSTANT_CONVERSION = YES;
				CLANG_WARN_DIRECT_OBJC_ISA_USAGE = YES_ERROR;
				CLANG_WARN_DOCUMENTATION_COMMENTS = YES;
				CLANG_WARN_EMPTY_BODY = YES;
				CLANG_WARN_ENUM_CONVERSION = YES;
				CLANG_WARN_INFINITE_RECURSION = YES;
				CLANG_WARN_INT_CONVERSION = YES;
				CLANG_WARN_OBJC_ROOT_CLASS = YES_ERROR;
				CLANG_WARN_SUSPICIOUS_MOVE = YES;
				CLANG_WARN_UNREACHABLE_CODE = YES;
				CLANG_WARN__DUPLICATE_METHOD_MATCH = YES;
				CODE_SIGN_IDENTITY = "iPhone Developer";
				"CODE_SIGN_IDENTITY[sdk=iphoneos*]" = "iPhone Developer";
				COPY_PHASE_STRIP = NO;
				DEBUG_INFORMATION_FORMAT = "dwarf-with-dsym";
				ENABLE_NS_ASSERTIONS = NO;
				ENABLE_STRICT_OBJC_MSGSEND = YES;
				GCC_C_LANGUAGE_STANDARD = gnu99;
				GCC_NO_COMMON_BLOCKS = YES;
				GCC_WARN_64_TO_32_BIT_CONVERSION = YES;
				GCC_WARN_ABOUT_RETURN_TYPE = YES_ERROR;
				GCC_WARN_UNDECLARED_SELECTOR = YES;
				GCC_WARN_UNINITIALIZED_AUTOS = YES_AGGRESSIVE;
				GCC_WARN_UNUSED_FUNCTION = YES;
				GCC_WARN_UNUSED_VARIABLE = YES;
				IPHONEOS_DEPLOYMENT_TARGET = 10.3;
				MTL_ENABLE_DEBUG_INFO = NO;
				ONLY_ACTIVE_ARCH = NO;
				SDKROOT = iphoneos;
				SWIFT_OPTIMIZATION_LEVEL = "-Owholemodule";
				TARGETED_DEVICE_FAMILY = "1,2";
				VALIDATE_PRODUCT = YES;
			};
			name = Release;
		};
		F12556B51EB8DD8B00B24DDD /* Debug */ = {
			isa = XCBuildConfiguration;
			baseConfigurationReference = 3C68019CA3B3F43F67D59BB9 /* Pods-AudiobookClub.debug.xcconfig */;
			buildSettings = {
				ASSETCATALOG_COMPILER_APPICON_NAME = AppIcon;
				"CODE_SIGN_IDENTITY[sdk=iphoneos*]" = "iPhone Developer";
				DEVELOPMENT_TEAM = EUN6KYWRQF;
				INFOPLIST_FILE = AudiobookClub/Info.plist;
				"INFOPLIST_FILE[sdk=*]" = AudiobookClub/Info.plist;
				LD_RUNPATH_SEARCH_PATHS = "$(inherited) @executable_path/Frameworks";
				PRODUCT_BUNDLE_IDENTIFIER = com.courtneypattison.AudiobookClub;
				PRODUCT_NAME = "$(TARGET_NAME)";
				PROVISIONING_PROFILE_SPECIFIER = "";
				SWIFT_VERSION = 3.0;
			};
			name = Debug;
		};
		F12556B61EB8DD8B00B24DDD /* Release */ = {
			isa = XCBuildConfiguration;
			baseConfigurationReference = 9B9BC7F5D5FB9F8CBBE36269 /* Pods-AudiobookClub.release.xcconfig */;
			buildSettings = {
				ASSETCATALOG_COMPILER_APPICON_NAME = AppIcon;
				"CODE_SIGN_IDENTITY[sdk=iphoneos*]" = "iPhone Developer";
				DEVELOPMENT_TEAM = EUN6KYWRQF;
				INFOPLIST_FILE = AudiobookClub/Info.plist;
				LD_RUNPATH_SEARCH_PATHS = "$(inherited) @executable_path/Frameworks";
				PRODUCT_BUNDLE_IDENTIFIER = com.courtneypattison.AudiobookClub;
				PRODUCT_NAME = "$(TARGET_NAME)";
				PROVISIONING_PROFILE_SPECIFIER = "";
				SWIFT_VERSION = 3.0;
			};
			name = Release;
		};
		F12556B81EB8DD8B00B24DDD /* Debug */ = {
			isa = XCBuildConfiguration;
			buildSettings = {
				ALWAYS_EMBED_SWIFT_STANDARD_LIBRARIES = YES;
				BUNDLE_LOADER = "$(TEST_HOST)";
				INFOPLIST_FILE = AudiobookClubTests/Info.plist;
				LD_RUNPATH_SEARCH_PATHS = "$(inherited) @executable_path/Frameworks @loader_path/Frameworks";
				PRODUCT_BUNDLE_IDENTIFIER = com.courtneypattison.AudiobookClubTests;
				PRODUCT_NAME = "$(TARGET_NAME)";
				SWIFT_VERSION = 3.0;
				TEST_HOST = "$(BUILT_PRODUCTS_DIR)/AudiobookClub.app/AudiobookClub";
			};
			name = Debug;
		};
		F12556B91EB8DD8B00B24DDD /* Release */ = {
			isa = XCBuildConfiguration;
			buildSettings = {
				ALWAYS_EMBED_SWIFT_STANDARD_LIBRARIES = YES;
				BUNDLE_LOADER = "$(TEST_HOST)";
				INFOPLIST_FILE = AudiobookClubTests/Info.plist;
				LD_RUNPATH_SEARCH_PATHS = "$(inherited) @executable_path/Frameworks @loader_path/Frameworks";
				PRODUCT_BUNDLE_IDENTIFIER = com.courtneypattison.AudiobookClubTests;
				PRODUCT_NAME = "$(TARGET_NAME)";
				SWIFT_VERSION = 3.0;
				TEST_HOST = "$(BUILT_PRODUCTS_DIR)/AudiobookClub.app/AudiobookClub";
			};
			name = Release;
		};
/* End XCBuildConfiguration section */

/* Begin XCConfigurationList section */
		F12556821EB8DD8A00B24DDD /* Build configuration list for PBXProject "AudiobookClub" */ = {
			isa = XCConfigurationList;
			buildConfigurations = (
				F12556B21EB8DD8B00B24DDD /* Debug */,
				F12556B31EB8DD8B00B24DDD /* Release */,
			);
			defaultConfigurationIsVisible = 0;
			defaultConfigurationName = Release;
		};
		F12556B41EB8DD8B00B24DDD /* Build configuration list for PBXNativeTarget "AudiobookClub" */ = {
			isa = XCConfigurationList;
			buildConfigurations = (
				F12556B51EB8DD8B00B24DDD /* Debug */,
				F12556B61EB8DD8B00B24DDD /* Release */,
			);
			defaultConfigurationIsVisible = 0;
			defaultConfigurationName = Release;
		};
		F12556B71EB8DD8B00B24DDD /* Build configuration list for PBXNativeTarget "AudiobookClubTests" */ = {
			isa = XCConfigurationList;
			buildConfigurations = (
				F12556B81EB8DD8B00B24DDD /* Debug */,
				F12556B91EB8DD8B00B24DDD /* Release */,
			);
			defaultConfigurationIsVisible = 0;
			defaultConfigurationName = Release;
		};
/* End XCConfigurationList section */

/* Begin XCVersionGroup section */
		F125568C1EB8DD8B00B24DDD /* AudiobookClub.xcdatamodeld */ = {
			isa = XCVersionGroup;
			children = (
				F125568D1EB8DD8B00B24DDD /* AudiobookClub.xcdatamodel */,
			);
			currentVersion = F125568D1EB8DD8B00B24DDD /* AudiobookClub.xcdatamodel */;
			path = AudiobookClub.xcdatamodeld;
			sourceTree = "<group>";
			versionGroupType = wrapper.xcdatamodel;
		};
/* End XCVersionGroup section */
	};
	rootObject = F125567F1EB8DD8A00B24DDD /* Project object */;
}
